
Microsoft Visual Studio Solution File, Format Version 12.00
# Visual Studio Version 17
VisualStudioVersion = 17.12.35707.178
MinimumVisualStudioVersion = 10.0.40219.1
Project("{2150E333-8FDC-42A3-9474-1A3956D46DE8}") = "Infra", "Infra", "{1EAE3B8D-7B02-4A1D-B670-6D91DBA7FCE8}"
EndProject
Project("{2150E333-8FDC-42A3-9474-1A3956D46DE8}") = "src", "src", "{54CAD398-AB8B-406E-A305-76E25591A90A}"
EndProject
Project("{FAE04EC0-301F-11D3-BF4B-00C04F79EFBC}") = "Infra", "Infra\Infra.csproj", "{6DAB70C3-B8AA-4593-869B-A2B140ADB58A}"
EndProject
Project("{FAE04EC0-301F-11D3-BF4B-00C04F79EFBC}") = "Mailing.Lambda.Core", "src\Mailing.Lambda.Core\Mailing.Lambda.Core.csproj", "{EED8D464-12B7-4C22-A070-BAEAFF3B3C8E}"
EndProject
Project("{2150E333-8FDC-42A3-9474-1A3956D46DE8}") = "Lambdas", "Lambdas", "{71B01F59-C8F5-AF28-1637-761EB583AD39}"
EndProject
Project("{FAE04EC0-301F-11D3-BF4B-00C04F79EFBC}") = "Mailing.Lambda.Api", "src\Lambdas\Mailing.Lambda.Api\Mailing.Lambda.Api.csproj", "{46740418-B291-4484-B2E3-59AE937934C3}"
EndProject
Project("{FAE04EC0-301F-11D3-BF4B-00C04F79EFBC}") = "Mailing.Lambda.MessageProcessor", "src\Lambdas\Mailing.Lambda.MessageProcessor\Mailing.Lambda.MessageProcessor\Mailing.Lambda.MessageProcessor.csproj", "{CDAA02AB-CF08-43C7-B19C-19EA69112FC1}"
EndProject
Project("{FAE04EC0-301F-11D3-BF4B-00C04F79EFBC}") = "Mailing.Lambda.SendEmail", "src\Lambdas\Mailing.Lambda.SendEmail\Mailing.Lambda.SendEmail.csproj", "{E04D09FE-B55D-45C1-A0B2-D70C1950E4CF}"
EndProject
Project("{FAE04EC0-301F-11D3-BF4B-00C04F79EFBC}") = "Mailing.Lambda.Authorizer", "src\Lambdas\Mailing.Lambda.Authorizer\Mailing.Lambda.Authorizer.csproj", "{91D1B5E7-47FE-4115-BF6B-978F80A64E8D}"
EndProject
Global
	GlobalSection(SolutionConfigurationPlatforms) = preSolution
		Debug|Any CPU = Debug|Any CPU
		Debug|x64 = Debug|x64
		Debug|x86 = Debug|x86
		Release|Any CPU = Release|Any CPU
		Release|x64 = Release|x64
		Release|x86 = Release|x86
	EndGlobalSection
	GlobalSection(ProjectConfigurationPlatforms) = postSolution
		{6DAB70C3-B8AA-4593-869B-A2B140ADB58A}.Debug|Any CPU.ActiveCfg = Debug|Any CPU
		{6DAB70C3-B8AA-4593-869B-A2B140ADB58A}.Debug|Any CPU.Build.0 = Debug|Any CPU
		{6DAB70C3-B8AA-4593-869B-A2B140ADB58A}.Debug|x64.ActiveCfg = Debug|Any CPU
		{6DAB70C3-B8AA-4593-869B-A2B140ADB58A}.Debug|x64.Build.0 = Debug|Any CPU
		{6DAB70C3-B8AA-4593-869B-A2B140ADB58A}.Debug|x86.ActiveCfg = Debug|Any CPU
		{6DAB70C3-B8AA-4593-869B-A2B140ADB58A}.Debug|x86.Build.0 = Debug|Any CPU
		{6DAB70C3-B8AA-4593-869B-A2B140ADB58A}.Release|Any CPU.ActiveCfg = Release|Any CPU
		{6DAB70C3-B8AA-4593-869B-A2B140ADB58A}.Release|Any CPU.Build.0 = Release|Any CPU
		{6DAB70C3-B8AA-4593-869B-A2B140ADB58A}.Release|x64.ActiveCfg = Release|Any CPU
		{6DAB70C3-B8AA-4593-869B-A2B140ADB58A}.Release|x64.Build.0 = Release|Any CPU
		{6DAB70C3-B8AA-4593-869B-A2B140ADB58A}.Release|x86.ActiveCfg = Release|Any CPU
		{6DAB70C3-B8AA-4593-869B-A2B140ADB58A}.Release|x86.Build.0 = Release|Any CPU
		{EED8D464-12B7-4C22-A070-BAEAFF3B3C8E}.Debug|Any CPU.ActiveCfg = Debug|Any CPU
		{EED8D464-12B7-4C22-A070-BAEAFF3B3C8E}.Debug|Any CPU.Build.0 = Debug|Any CPU
		{EED8D464-12B7-4C22-A070-BAEAFF3B3C8E}.Debug|x64.ActiveCfg = Debug|Any CPU
		{EED8D464-12B7-4C22-A070-BAEAFF3B3C8E}.Debug|x64.Build.0 = Debug|Any CPU
		{EED8D464-12B7-4C22-A070-BAEAFF3B3C8E}.Debug|x86.ActiveCfg = Debug|Any CPU
		{EED8D464-12B7-4C22-A070-BAEAFF3B3C8E}.Debug|x86.Build.0 = Debug|Any CPU
		{EED8D464-12B7-4C22-A070-BAEAFF3B3C8E}.Release|Any CPU.ActiveCfg = Release|Any CPU
		{EED8D464-12B7-4C22-A070-BAEAFF3B3C8E}.Release|Any CPU.Build.0 = Release|Any CPU
		{EED8D464-12B7-4C22-A070-BAEAFF3B3C8E}.Release|x64.ActiveCfg = Release|Any CPU
		{EED8D464-12B7-4C22-A070-BAEAFF3B3C8E}.Release|x64.Build.0 = Release|Any CPU
		{EED8D464-12B7-4C22-A070-BAEAFF3B3C8E}.Release|x86.ActiveCfg = Release|Any CPU
		{EED8D464-12B7-4C22-A070-BAEAFF3B3C8E}.Release|x86.Build.0 = Release|Any CPU
		{46740418-B291-4484-B2E3-59AE937934C3}.Debug|Any CPU.ActiveCfg = Debug|Any CPU
		{46740418-B291-4484-B2E3-59AE937934C3}.Debug|Any CPU.Build.0 = Debug|Any CPU
		{46740418-B291-4484-B2E3-59AE937934C3}.Debug|x64.ActiveCfg = Debug|Any CPU
		{46740418-B291-4484-B2E3-59AE937934C3}.Debug|x64.Build.0 = Debug|Any CPU
		{46740418-B291-4484-B2E3-59AE937934C3}.Debug|x86.ActiveCfg = Debug|Any CPU
		{46740418-B291-4484-B2E3-59AE937934C3}.Debug|x86.Build.0 = Debug|Any CPU
		{46740418-B291-4484-B2E3-59AE937934C3}.Release|Any CPU.ActiveCfg = Release|Any CPU
		{46740418-B291-4484-B2E3-59AE937934C3}.Release|Any CPU.Build.0 = Release|Any CPU
		{46740418-B291-4484-B2E3-59AE937934C3}.Release|x64.ActiveCfg = Release|Any CPU
		{46740418-B291-4484-B2E3-59AE937934C3}.Release|x64.Build.0 = Release|Any CPU
		{46740418-B291-4484-B2E3-59AE937934C3}.Release|x86.ActiveCfg = Release|Any CPU
		{46740418-B291-4484-B2E3-59AE937934C3}.Release|x86.Build.0 = Release|Any CPU
		{CDAA02AB-CF08-43C7-B19C-19EA69112FC1}.Debug|Any CPU.ActiveCfg = Debug|Any CPU
		{CDAA02AB-CF08-43C7-B19C-19EA69112FC1}.Debug|Any CPU.Build.0 = Debug|Any CPU
		{CDAA02AB-CF08-43C7-B19C-19EA69112FC1}.Debug|x64.ActiveCfg = Debug|Any CPU
		{CDAA02AB-CF08-43C7-B19C-19EA69112FC1}.Debug|x64.Build.0 = Debug|Any CPU
		{CDAA02AB-CF08-43C7-B19C-19EA69112FC1}.Debug|x86.ActiveCfg = Debug|Any CPU
		{CDAA02AB-CF08-43C7-B19C-19EA69112FC1}.Debug|x86.Build.0 = Debug|Any CPU
		{CDAA02AB-CF08-43C7-B19C-19EA69112FC1}.Release|Any CPU.ActiveCfg = Release|Any CPU
		{CDAA02AB-CF08-43C7-B19C-19EA69112FC1}.Release|Any CPU.Build.0 = Release|Any CPU
		{CDAA02AB-CF08-43C7-B19C-19EA69112FC1}.Release|x64.ActiveCfg = Release|Any CPU
		{CDAA02AB-CF08-43C7-B19C-19EA69112FC1}.Release|x64.Build.0 = Release|Any CPU
		{CDAA02AB-CF08-43C7-B19C-19EA69112FC1}.Release|x86.ActiveCfg = Release|Any CPU
		{CDAA02AB-CF08-43C7-B19C-19EA69112FC1}.Release|x86.Build.0 = Release|Any CPU
		{E04D09FE-B55D-45C1-A0B2-D70C1950E4CF}.Debug|Any CPU.ActiveCfg = Debug|Any CPU
		{E04D09FE-B55D-45C1-A0B2-D70C1950E4CF}.Debug|Any CPU.Build.0 = Debug|Any CPU
		{E04D09FE-B55D-45C1-A0B2-D70C1950E4CF}.Debug|x64.ActiveCfg = Debug|Any CPU
		{E04D09FE-B55D-45C1-A0B2-D70C1950E4CF}.Debug|x64.Build.0 = Debug|Any CPU
		{E04D09FE-B55D-45C1-A0B2-D70C1950E4CF}.Debug|x86.ActiveCfg = Debug|Any CPU
		{E04D09FE-B55D-45C1-A0B2-D70C1950E4CF}.Debug|x86.Build.0 = Debug|Any CPU
		{E04D09FE-B55D-45C1-A0B2-D70C1950E4CF}.Release|Any CPU.ActiveCfg = Release|Any CPU
		{E04D09FE-B55D-45C1-A0B2-D70C1950E4CF}.Release|Any CPU.Build.0 = Release|Any CPU
		{E04D09FE-B55D-45C1-A0B2-D70C1950E4CF}.Release|x64.ActiveCfg = Release|Any CPU
		{E04D09FE-B55D-45C1-A0B2-D70C1950E4CF}.Release|x64.Build.0 = Release|Any CPU
		{E04D09FE-B55D-45C1-A0B2-D70C1950E4CF}.Release|x86.ActiveCfg = Release|Any CPU
		{E04D09FE-B55D-45C1-A0B2-D70C1950E4CF}.Release|x86.Build.0 = Release|Any CPU
		{91D1B5E7-47FE-4115-BF6B-978F80A64E8D}.Debug|Any CPU.ActiveCfg = Debug|Any CPU
		{91D1B5E7-47FE-4115-BF6B-978F80A64E8D}.Debug|Any CPU.Build.0 = Debug|Any CPU
		{91D1B5E7-47FE-4115-BF6B-978F80A64E8D}.Debug|x64.ActiveCfg = Debug|Any CPU
		{91D1B5E7-47FE-4115-BF6B-978F80A64E8D}.Debug|x64.Build.0 = Debug|Any CPU
		{91D1B5E7-47FE-4115-BF6B-978F80A64E8D}.Debug|x86.ActiveCfg = Debug|Any CPU
		{91D1B5E7-47FE-4115-BF6B-978F80A64E8D}.Debug|x86.Build.0 = Debug|Any CPU
		{91D1B5E7-47FE-4115-BF6B-978F80A64E8D}.Release|Any CPU.ActiveCfg = Release|Any CPU
		{91D1B5E7-47FE-4115-BF6B-978F80A64E8D}.Release|Any CPU.Build.0 = Release|Any CPU
		{91D1B5E7-47FE-4115-BF6B-978F80A64E8D}.Release|x64.ActiveCfg = Release|Any CPU
		{91D1B5E7-47FE-4115-BF6B-978F80A64E8D}.Release|x64.Build.0 = Release|Any CPU
		{91D1B5E7-47FE-4115-BF6B-978F80A64E8D}.Release|x86.ActiveCfg = Release|Any CPU
		{91D1B5E7-47FE-4115-BF6B-978F80A64E8D}.Release|x86.Build.0 = Release|Any CPU
	EndGlobalSection
	GlobalSection(SolutionProperties) = preSolution
		HideSolutionNode = FALSE
	EndGlobalSection
	GlobalSection(NestedProjects) = preSolution
		{6DAB70C3-B8AA-4593-869B-A2B140ADB58A} = {1EAE3B8D-7B02-4A1D-B670-6D91DBA7FCE8}
		{EED8D464-12B7-4C22-A070-BAEAFF3B3C8E} = {54CAD398-AB8B-406E-A305-76E25591A90A}
		{71B01F59-C8F5-AF28-1637-761EB583AD39} = {54CAD398-AB8B-406E-A305-76E25591A90A}
		{46740418-B291-4484-B2E3-59AE937934C3} = {71B01F59-C8F5-AF28-1637-761EB583AD39}
		{CDAA02AB-CF08-43C7-B19C-19EA69112FC1} = {71B01F59-C8F5-AF28-1637-761EB583AD39}
		{E04D09FE-B55D-45C1-A0B2-D70C1950E4CF} = {71B01F59-C8F5-AF28-1637-761EB583AD39}
		{91D1B5E7-47FE-4115-BF6B-978F80A64E8D} = {71B01F59-C8F5-AF28-1637-761EB583AD39}
	EndGlobalSection
EndGlobal
